// !$*UTF8*$!
{
	archiveVersion = 1;
	classes = {
	};
	objectVersion = 50;
	objects = {

/* Begin PBXBuildFile section */
		3144CE882178169100F6F6A8 /* AppDelegate.swift in Sources */ = {isa = PBXBuildFile; fileRef = 3144CE872178169100F6F6A8 /* AppDelegate.swift */; };
		3144CE8A2178169100F6F6A8 /* ViewController.swift in Sources */ = {isa = PBXBuildFile; fileRef = 3144CE892178169100F6F6A8 /* ViewController.swift */; };
		3144CE8D2178169100F6F6A8 /* Main.storyboard in Resources */ = {isa = PBXBuildFile; fileRef = 3144CE8B2178169100F6F6A8 /* Main.storyboard */; };
		3144CE8F2178169200F6F6A8 /* Assets.xcassets in Resources */ = {isa = PBXBuildFile; fileRef = 3144CE8E2178169200F6F6A8 /* Assets.xcassets */; };
		3144CE922178169200F6F6A8 /* LaunchScreen.storyboard in Resources */ = {isa = PBXBuildFile; fileRef = 3144CE902178169200F6F6A8 /* LaunchScreen.storyboard */; };
		3144CE9A2178183A00F6F6A8 /* PagingMenuHeaderView.xib in Resources */ = {isa = PBXBuildFile; fileRef = 3144CE992178183A00F6F6A8 /* PagingMenuHeaderView.xib */; };
		3144CE9F21781B5000F6F6A8 /* PagingMenuHeaderView.swift in Sources */ = {isa = PBXBuildFile; fileRef = 3144CE9E21781B5000F6F6A8 /* PagingMenuHeaderView.swift */; };
		3144CEA521781C2300F6F6A8 /* PagingSegmentControlView.swift in Sources */ = {isa = PBXBuildFile; fileRef = 3144CEA421781C2300F6F6A8 /* PagingSegmentControlView.swift */; };
/* End PBXBuildFile section */

/* Begin PBXFileReference section */
		3144CE842178169100F6F6A8 /* PagingMenu.app */ = {isa = PBXFileReference; explicitFileType = wrapper.application; includeInIndex = 0; path = PagingMenu.app; sourceTree = BUILT_PRODUCTS_DIR; };
		3144CE872178169100F6F6A8 /* AppDelegate.swift */ = {isa = PBXFileReference; lastKnownFileType = sourcecode.swift; path = AppDelegate.swift; sourceTree = "<group>"; };
		3144CE892178169100F6F6A8 /* ViewController.swift */ = {isa = PBXFileReference; lastKnownFileType = sourcecode.swift; path = ViewController.swift; sourceTree = "<group>"; };
		3144CE8C2178169100F6F6A8 /* Base */ = {isa = PBXFileReference; lastKnownFileType = file.storyboard; name = Base; path = Base.lproj/Main.storyboard; sourceTree = "<group>"; };
		3144CE8E2178169200F6F6A8 /* Assets.xcassets */ = {isa = PBXFileReference; lastKnownFileType = folder.assetcatalog; path = Assets.xcassets; sourceTree = "<group>"; };
		3144CE912178169200F6F6A8 /* Base */ = {isa = PBXFileReference; lastKnownFileType = file.storyboard; name = Base; path = Base.lproj/LaunchScreen.storyboard; sourceTree = "<group>"; };
		3144CE932178169200F6F6A8 /* Info.plist */ = {isa = PBXFileReference; lastKnownFileType = text.plist.xml; path = Info.plist; sourceTree = "<group>"; };
		3144CE992178183A00F6F6A8 /* PagingMenuHeaderView.xib */ = {isa = PBXFileReference; lastKnownFileType = file.xib; path = PagingMenuHeaderView.xib; sourceTree = "<group>"; };
		3144CE9E21781B5000F6F6A8 /* PagingMenuHeaderView.swift */ = {isa = PBXFileReference; lastKnownFileType = sourcecode.swift; path = PagingMenuHeaderView.swift; sourceTree = "<group>"; };
		3144CEA421781C2300F6F6A8 /* PagingSegmentControlView.swift */ = {isa = PBXFileReference; lastKnownFileType = sourcecode.swift; path = PagingSegmentControlView.swift; sourceTree = "<group>"; };
/* End PBXFileReference section */

/* Begin PBXFrameworksBuildPhase section */
		3144CE812178169100F6F6A8 /* Frameworks */ = {
			isa = PBXFrameworksBuildPhase;
			buildActionMask = 2147483647;
			files = (
			);
			runOnlyForDeploymentPostprocessing = 0;
		};
/* End PBXFrameworksBuildPhase section */

/* Begin PBXGroup section */
		3144CE7B2178169100F6F6A8 = {
			isa = PBXGroup;
			children = (
				3144CE862178169100F6F6A8 /* PagingMenu */,
				3144CE852178169100F6F6A8 /* Products */,
			);
			sourceTree = "<group>";
		};
		3144CE852178169100F6F6A8 /* Products */ = {
			isa = PBXGroup;
			children = (
				3144CE842178169100F6F6A8 /* PagingMenu.app */,
			);
			name = Products;
			sourceTree = "<group>";
		};
		3144CE862178169100F6F6A8 /* PagingMenu */ = {
			isa = PBXGroup;
			children = (
				3144CE872178169100F6F6A8 /* AppDelegate.swift */,
				3144CE9D21781B2200F6F6A8 /* ViewControllers */,
				3144CE9C21781B1300F6F6A8 /* Views */,
				3144CE9B2178184F00F6F6A8 /* Resources */,
			);
			path = PagingMenu;
			sourceTree = "<group>";
		};
		3144CE9B2178184F00F6F6A8 /* Resources */ = {
			isa = PBXGroup;
			children = (
				3144CE932178169200F6F6A8 /* Info.plist */,
				3144CE8E2178169200F6F6A8 /* Assets.xcassets */,
			);
			path = Resources;
			sourceTree = "<group>";
		};
		3144CE9C21781B1300F6F6A8 /* Views */ = {
			isa = PBXGroup;
			children = (
				3144CE8B2178169100F6F6A8 /* Main.storyboard */,
				3144CE902178169200F6F6A8 /* LaunchScreen.storyboard */,
				3144CE992178183A00F6F6A8 /* PagingMenuHeaderView.xib */,
			);
			path = Views;
			sourceTree = "<group>";
		};
		3144CE9D21781B2200F6F6A8 /* ViewControllers */ = {
			isa = PBXGroup;
			children = (
				3144CE892178169100F6F6A8 /* ViewController.swift */,
				3144CE9E21781B5000F6F6A8 /* PagingMenuHeaderView.swift */,
				3144CEA421781C2300F6F6A8 /* PagingSegmentControlView.swift */,
			);
			path = ViewControllers;
			sourceTree = "<group>";
		};
/* End PBXGroup section */

/* Begin PBXNativeTarget section */
		3144CE832178169100F6F6A8 /* PagingMenu */ = {
			isa = PBXNativeTarget;
			buildConfigurationList = 3144CE962178169200F6F6A8 /* Build configuration list for PBXNativeTarget "PagingMenu" */;
			buildPhases = (
				3144CE802178169100F6F6A8 /* Sources */,
				3144CE812178169100F6F6A8 /* Frameworks */,
				3144CE822178169100F6F6A8 /* Resources */,
			);
			buildRules = (
			);
			dependencies = (
			);
			name = PagingMenu;
			productName = PagingMenu;
			productReference = 3144CE842178169100F6F6A8 /* PagingMenu.app */;
			productType = "com.apple.product-type.application";
		};
/* End PBXNativeTarget section */

/* Begin PBXProject section */
		3144CE7C2178169100F6F6A8 /* Project object */ = {
			isa = PBXProject;
			attributes = {
				LastSwiftUpdateCheck = 1000;
				LastUpgradeCheck = 1000;
				ORGANIZATIONNAME = TakuYamada;
				TargetAttributes = {
					3144CE832178169100F6F6A8 = {
						CreatedOnToolsVersion = 10.0;
					};
				};
			};
			buildConfigurationList = 3144CE7F2178169100F6F6A8 /* Build configuration list for PBXProject "PagingMenu" */;
			compatibilityVersion = "Xcode 9.3";
			developmentRegion = en;
			hasScannedForEncodings = 0;
			knownRegions = (
				en,
				Base,
			);
			mainGroup = 3144CE7B2178169100F6F6A8;
			productRefGroup = 3144CE852178169100F6F6A8 /* Products */;
			projectDirPath = "";
			projectRoot = "";
			targets = (
				3144CE832178169100F6F6A8 /* PagingMenu */,
			);
		};
/* End PBXProject section */

/* Begin PBXResourcesBuildPhase section */
		3144CE822178169100F6F6A8 /* Resources */ = {
			isa = PBXResourcesBuildPhase;
			buildActionMask = 2147483647;
			files = (
				3144CE9A2178183A00F6F6A8 /* PagingMenuHeaderView.xib in Resources */,
				3144CE922178169200F6F6A8 /* LaunchScreen.storyboard in Resources */,
				3144CE8F2178169200F6F6A8 /* Assets.xcassets in Resources */,
				3144CE8D2178169100F6F6A8 /* Main.storyboard in Resources */,
			);
			runOnlyForDeploymentPostprocessing = 0;
		};
/* End PBXResourcesBuildPhase section */

/* Begin PBXSourcesBuildPhase section */
		3144CE802178169100F6F6A8 /* Sources */ = {
			isa = PBXSourcesBuildPhase;
			buildActionMask = 2147483647;
			files = (
				3144CE8A2178169100F6F6A8 /* ViewController.swift in Sources */,
				3144CE9F21781B5000F6F6A8 /* PagingMenuHeaderView.swift in Sources */,
				3144CEA521781C2300F6F6A8 /* PagingSegmentControlView.swift in Sources */,
				3144CE882178169100F6F6A8 /* AppDelegate.swift in Sources */,
			);
			runOnlyForDeploymentPostprocessing = 0;
		};
/* End PBXSourcesBuildPhase section */

/* Begin PBXVariantGroup section */
		3144CE8B2178169100F6F6A8 /* Main.storyboard */ = {
			isa = PBXVariantGroup;
			children = (
				3144CE8C2178169100F6F6A8 /* Base */,
			);
			name = Main.storyboard;
			sourceTree = "<group>";
		};
		3144CE902178169200F6F6A8 /* LaunchScreen.storyboard */ = {
			isa = PBXVariantGroup;
			children = (
				3144CE912178169200F6F6A8 /* Base */,
			);
			name = LaunchScreen.storyboard;
			sourceTree = "<group>";
		};
/* End PBXVariantGroup section */

/* Begin XCBuildConfiguration section */
		3144CE942178169200F6F6A8 /* Debug */ = {
			isa = XCBuildConfiguration;
			buildSettings = {
				ALWAYS_SEARCH_USER_PATHS = NO;
				CLANG_ANALYZER_NONNULL = YES;
				CLANG_ANALYZER_NUMBER_OBJECT_CONVERSION = YES_AGGRESSIVE;
				CLANG_CXX_LANGUAGE_STANDARD = "gnu++14";
				CLANG_CXX_LIBRARY = "libc++";
				CLANG_ENABLE_MODULES = YES;
				CLANG_ENABLE_OBJC_ARC = YES;
				CLANG_ENABLE_OBJC_WEAK = YES;
				CLANG_WARN_BLOCK_CAPTURE_AUTORELEASING = YES;
				CLANG_WARN_BOOL_CONVERSION = YES;
				CLANG_WARN_COMMA = YES;
				CLANG_WARN_CONSTANT_CONVERSION = YES;
				CLANG_WARN_DEPRECATED_OBJC_IMPLEMENTATIONS = YES;
				CLANG_WARN_DIRECT_OBJC_ISA_USAGE = YES_ERROR;
				CLANG_WARN_DOCUMENTATION_COMMENTS = YES;
				CLANG_WARN_EMPTY_BODY = YES;
				CLANG_WARN_ENUM_CONVERSION = YES;
				CLANG_WARN_INFINITE_RECURSION = YES;
				CLANG_WARN_INT_CONVERSION = YES;
				CLANG_WARN_NON_LITERAL_NULL_CONVERSION = YES;
				CLANG_WARN_OBJC_IMPLICIT_RETAIN_SELF = YES;
				CLANG_WARN_OBJC_LITERAL_CONVERSION = YES;
				CLANG_WARN_OBJC_ROOT_CLASS = YES_ERROR;
				CLANG_WARN_RANGE_LOOP_ANALYSIS = YES;
				CLANG_WARN_STRICT_PROTOTYPES = YES;
				CLANG_WARN_SUSPICIOUS_MOVE = YES;
				CLANG_WARN_UNGUARDED_AVAILABILITY = YES_AGGRESSIVE;
				CLANG_WARN_UNREACHABLE_CODE = YES;
				CLANG_WARN__DUPLICATE_METHOD_MATCH = YES;
				CODE_SIGN_IDENTITY = "iPhone Developer";
				COPY_PHASE_STRIP = NO;
				DEBUG_INFORMATION_FORMAT = dwarf;
				ENABLE_STRICT_OBJC_MSGSEND = YES;
				ENABLE_TESTABILITY = YES;
				GCC_C_LANGUAGE_STANDARD = gnu11;
				GCC_DYNAMIC_NO_PIC = NO;
				GCC_NO_COMMON_BLOCKS = YES;
				GCC_OPTIMIZATION_LEVEL = 0;
				GCC_PREPROCESSOR_DEFINITIONS = (
					"DEBUG=1",
					"$(inherited)",
				);
				GCC_WARN_64_TO_32_BIT_CONVERSION = YES;
				GCC_WARN_ABOUT_RETURN_TYPE = YES_ERROR;
				GCC_WARN_UNDECLARED_SELECTOR = YES;
				GCC_WARN_UNINITIALIZED_AUTOS = YES_AGGRESSIVE;
				GCC_WARN_UNUSED_FUNCTION = YES;
				GCC_WARN_UNUSED_VARIABLE = YES;
				IPHONEOS_DEPLOYMENT_TARGET = 12.0;
				MTL_ENABLE_DEBUG_INFO = INCLUDE_SOURCE;
				MTL_FAST_MATH = YES;
				ONLY_ACTIVE_ARCH = YES;
				SDKROOT = iphoneos;
				SWIFT_ACTIVE_COMPILATION_CONDITIONS = DEBUG;
				SWIFT_OPTIMIZATION_LEVEL = "-Onone";
			};
			name = Debug;
		};
		3144CE952178169200F6F6A8 /* Release */ = {
			isa = XCBuildConfiguration;
			buildSettings = {
				ALWAYS_SEARCH_USER_PATHS = NO;
				CLANG_ANALYZER_NONNULL = YES;
				CLANG_ANALYZER_NUMBER_OBJECT_CONVERSION = YES_AGGRESSIVE;
				CLANG_CXX_LANGUAGE_STANDARD = "gnu++14";
				CLANG_CXX_LIBRARY = "libc++";
				CLANG_ENABLE_MODULES = YES;
				CLANG_ENABLE_OBJC_ARC = YES;
				CLANG_ENABLE_OBJC_WEAK = YES;
				CLANG_WARN_BLOCK_CAPTURE_AUTORELEASING = YES;
				CLANG_WARN_BOOL_CONVERSION = YES;
				CLANG_WARN_COMMA = YES;
				CLANG_WARN_CONSTANT_CONVERSION = YES;
				CLANG_WARN_DEPRECATED_OBJC_IMPLEMENTATIONS = YES;
				CLANG_WARN_DIRECT_OBJC_ISA_USAGE = YES_ERROR;
				CLANG_WARN_DOCUMENTATION_COMMENTS = YES;
				CLANG_WARN_EMPTY_BODY = YES;
				CLANG_WARN_ENUM_CONVERSION = YES;
				CLANG_WARN_INFINITE_RECURSION = YES;
				CLANG_WARN_INT_CONVERSION = YES;
				CLANG_WARN_NON_LITERAL_NULL_CONVERSION = YES;
				CLANG_WARN_OBJC_IMPLICIT_RETAIN_SELF = YES;
				CLANG_WARN_OBJC_LITERAL_CONVERSION = YES;
				CLANG_WARN_OBJC_ROOT_CLASS = YES_ERROR;
				CLANG_WARN_RANGE_LOOP_ANALYSIS = YES;
				CLANG_WARN_STRICT_PROTOTYPES = YES;
				CLANG_WARN_SUSPICIOUS_MOVE = YES;
				CLANG_WARN_UNGUARDED_AVAILABILITY = YES_AGGRESSIVE;
				CLANG_WARN_UNREACHABLE_CODE = YES;
				CLANG_WARN__DUPLICATE_METHOD_MATCH = YES;
				CODE_SIGN_IDENTITY = "iPhone Developer";
				COPY_PHASE_STRIP = NO;
				DEBUG_INFORMATION_FORMAT = "dwarf-with-dsym";
				ENABLE_NS_ASSERTIONS = NO;
				ENABLE_STRICT_OBJC_MSGSEND = YES;
				GCC_C_LANGUAGE_STANDARD = gnu11;
				GCC_NO_COMMON_BLOCKS = YES;
				GCC_WARN_64_TO_32_BIT_CONVERSION = YES;
				GCC_WARN_ABOUT_RETURN_TYPE = YES_ERROR;
				GCC_WARN_UNDECLARED_SELECTOR = YES;
				GCC_WARN_UNINITIALIZED_AUTOS = YES_AGGRESSIVE;
				GCC_WARN_UNUSED_FUNCTION = YES;
				GCC_WARN_UNUSED_VARIABLE = YES;
				IPHONEOS_DEPLOYMENT_TARGET = 12.0;
				MTL_ENABLE_DEBUG_INFO = NO;
				MTL_FAST_MATH = YES;
				SDKROOT = iphoneos;
				SWIFT_COMPILATION_MODE = wholemodule;
				SWIFT_OPTIMIZATION_LEVEL = "-O";
				VALIDATE_PRODUCT = YES;
			};
			name = Release;
		};
		3144CE972178169200F6F6A8 /* Debug */ = {
			isa = XCBuildConfiguration;
			buildSettings = {
				ASSETCATALOG_COMPILER_APPICON_NAME = AppIcon;
				CODE_SIGN_STYLE = Automatic;
				DEVELOPMENT_TEAM = 8JEHPP3L74;
				INFOPLIST_FILE = PagingMenu/Resources/Info.plist;
				LD_RUNPATH_SEARCH_PATHS = (
					"$(inherited)",
					"@executable_path/Frameworks",
				);
				PRODUCT_BUNDLE_IDENTIFIER = com.takuyama.PagingMenu;
				PRODUCT_NAME = "$(TARGET_NAME)";
				SWIFT_VERSION = 4.2;
				TARGETED_DEVICE_FAMILY = "1,2";
			};
			name = Debug;
		};
		3144CE982178169200F6F6A8 /* Release */ = {
			isa = XCBuildConfiguration;
			buildSettings = {
				ASSETCATALOG_COMPILER_APPICON_NAME = AppIcon;
				CODE_SIGN_STYLE = Automatic;
				DEVELOPMENT_TEAM = 8JEHPP3L74;
				INFOPLIST_FILE = PagingMenu/Resources/Info.plist;
				LD_RUNPATH_SEARCH_PATHS = (
					"$(inherited)",
					"@executable_path/Frameworks",
				);
				PRODUCT_BUNDLE_IDENTIFIER = com.takuyama.PagingMenu;
				PRODUCT_NAME = "$(TARGET_NAME)";
				SWIFT_VERSION = 4.2;
				TARGETED_DEVICE_FAMILY = "1,2";
			};
			name = Release;
		};
/* End XCBuildConfiguration section */

/* Begin XCConfigurationList section */
		3144CE7F2178169100F6F6A8 /* Build configuration list for PBXProject "PagingMenu" */ = {
			isa = XCConfigurationList;
			buildConfigurations = (
				3144CE942178169200F6F6A8 /* Debug */,
				3144CE952178169200F6F6A8 /* Release */,
			);
			defaultConfigurationIsVisible = 0;
			defaultConfigurationName = Release;
		};
		3144CE962178169200F6F6A8 /* Build configuration list for PBXNativeTarget "PagingMenu" */ = {
			isa = XCConfigurationList;
			buildConfigurations = (
				3144CE972178169200F6F6A8 /* Debug */,
				3144CE982178169200F6F6A8 /* Release */,
			);
			defaultConfigurationIsVisible = 0;
			defaultConfigurationName = Release;
		};
/* End XCConfigurationList section */
	};
	rootObject = 3144CE7C2178169100F6F6A8 /* Project object */;
}
